
Microsoft Visual Studio Solution File, Format Version 12.00
# Visual Studio 15
VisualStudioVersion = 15.0.28307.960
MinimumVisualStudioVersion = 10.0.40219.1
Project("{FAE04EC0-301F-11D3-BF4B-00C04F79EFBC}") = "UBS_TransformService", "UBS_TransformService\UBS_TransformService.csproj", "{4AE878DF-068F-40E3-BFBD-C7604AD24E47}"
EndProject
Project("{FAE04EC0-301F-11D3-BF4B-00C04F79EFBC}") = "UBS_API", "UBS_API\UBS_API.csproj", "{D2C444A7-BBBE-4E9C-BFAE-55A6BF35A252}"
EndProject
Global
	GlobalSection(SolutionConfigurationPlatforms) = preSolution
		Debug|Any CPU = Debug|Any CPU
		Release|Any CPU = Release|Any CPU
	EndGlobalSection
	GlobalSection(ProjectConfigurationPlatforms) = postSolution
		{4AE878DF-068F-40E3-BFBD-C7604AD24E47}.Debug|Any CPU.ActiveCfg = Debug|Any CPU
		{4AE878DF-068F-40E3-BFBD-C7604AD24E47}.Debug|Any CPU.Build.0 = Debug|Any CPU
		{4AE878DF-068F-40E3-BFBD-C7604AD24E47}.Release|Any CPU.ActiveCfg = Release|Any CPU
		{4AE878DF-068F-40E3-BFBD-C7604AD24E47}.Release|Any CPU.Build.0 = Release|Any CPU
		{D2C444A7-BBBE-4E9C-BFAE-55A6BF35A252}.Debug|Any CPU.ActiveCfg = Debug|Any CPU
		{D2C444A7-BBBE-4E9C-BFAE-55A6BF35A252}.Debug|Any CPU.Build.0 = Debug|Any CPU
		{D2C444A7-BBBE-4E9C-BFAE-55A6BF35A252}.Release|Any CPU.ActiveCfg = Release|Any CPU
		{D2C444A7-BBBE-4E9C-BFAE-55A6BF35A252}.Release|Any CPU.Build.0 = Release|Any CPU
	EndGlobalSection
	GlobalSection(SolutionProperties) = preSolution
		HideSolutionNode = FALSE
	EndGlobalSection
	GlobalSection(ExtensibilityGlobals) = postSolution
		SolutionGuid = {B65609D0-E0B2-40CA-A168-083FF9CA1520}
	EndGlobalSection
EndGlobal
